
Microsoft Visual Studio Solution File, Format Version 12.00
# Visual Studio Version 16
VisualStudioVersion = 16.0.33927.289
MinimumVisualStudioVersion = 10.0.40219.1
Project("{2150E333-8FDC-42A3-9474-1A3956D46DE8}") = "Task0", "Task0", "{F6A7D6EB-3190-4E9A-A23D-32148E09F828}"
EndProject
Project("{FAE04EC0-301F-11D3-BF4B-00C04F79EFBC}") = "Tyuiu.GorovenkoGV.Sprint4.Task0.V17", "Tyuiu.GorovenkoGV.Sprint4.Task0.V17\Tyuiu.GorovenkoGV.Sprint4.Task0.V17.csproj", "{C3893177-111F-4972-87CB-14498CDF1AA2}"
EndProject
Project("{FAE04EC0-301F-11D3-BF4B-00C04F79EFBC}") = "Tyuiu.GorovenkoGV.Sprint4.Task0.V17.Test", "Tyuiu.GorovenkoGV.Sprint4.Task0.V17.Test\Tyuiu.GorovenkoGV.Sprint4.Task0.V17.Test.csproj", "{69F855BE-7CA5-46AF-A13D-13EEDDBE202D}"
EndProject
Project("{FAE04EC0-301F-11D3-BF4B-00C04F79EFBC}") = "Tyuiu.GorovenkoGV.Sprint4.Task0.V17.Lib", "Tyuiu.GorovenkoGV.Sprint4.Task0.V17.Lib\Tyuiu.GorovenkoGV.Sprint4.Task0.V17.Lib.csproj", "{BEA652C8-8819-4456-B6F3-AFFC0FB6D72B}"
EndProject
Project("{2150E333-8FDC-42A3-9474-1A3956D46DE8}") = "Task1", "Task1", "{4BB49251-452E-4244-8777-054C2A7C2FED}"
EndProject
Project("{FAE04EC0-301F-11D3-BF4B-00C04F79EFBC}") = "Tyuiu.GorovenkoGV.Sprint4.Task1.V7", "Tyuiu.GorovenkoGV.Sprint4.Task1.V7\Tyuiu.GorovenkoGV.Sprint4.Task1.V7.csproj", "{DF9E0A95-91ED-4097-9566-E350AFCDD67F}"
EndProject
Project("{FAE04EC0-301F-11D3-BF4B-00C04F79EFBC}") = "Tyuiu.GorovenkoGV.Sprint4.Task1.V7.Test", "Tyuiu.GorovenkoGV.Sprint4.Task1.V7.Test\Tyuiu.GorovenkoGV.Sprint4.Task1.V7.Test.csproj", "{95153A90-FD1D-401F-9ACC-FE0046488411}"
EndProject
Project("{FAE04EC0-301F-11D3-BF4B-00C04F79EFBC}") = "Tyuiu.GorovenkoGV.Sprint4.Task1.V7.Lib", "Tyuiu.GorovenkoGV.Sprint4.Task1.V7.Lib\Tyuiu.GorovenkoGV.Sprint4.Task1.V7.Lib.csproj", "{3BC7D6AA-6F2C-4A4E-BB03-610E54077EA0}"
EndProject
Project("{2150E333-8FDC-42A3-9474-1A3956D46DE8}") = "Task2", "Task2", "{4A8B1C95-F61E-4B3A-8BD4-84993D464CAC}"
EndProject
Project("{FAE04EC0-301F-11D3-BF4B-00C04F79EFBC}") = "Tyuiu.GorovenkoGV.Sprint4.Task2.V26", "Tyuiu.GorovenkoGV.Sprint4.Task2.V26\Tyuiu.GorovenkoGV.Sprint4.Task2.V26.csproj", "{53E50DB3-1D8B-4A44-A45F-1E6C083493F9}"
EndProject
Project("{FAE04EC0-301F-11D3-BF4B-00C04F79EFBC}") = "Tyuiu.GorovenkoGV.Sprint4.Task2.V26.Test", "Tyuiu.GorovenkoGV.Sprint4.Task2.V26.Test\Tyuiu.GorovenkoGV.Sprint4.Task2.V26.Test.csproj", "{B607A3B0-DC5F-4DA6-BF76-7F6B19044BE1}"
EndProject
Project("{FAE04EC0-301F-11D3-BF4B-00C04F79EFBC}") = "Tyuiu.GorovenkoGV.Sprint4.Task2.V26.Lib", "Tyuiu.GorovenkoGV.Sprint4.Task2.V26.Lib\Tyuiu.GorovenkoGV.Sprint4.Task2.V26.Lib.csproj", "{8065263B-CA9E-4D7D-92CD-2FA5898E9AAB}"
EndProject
Project("{2150E333-8FDC-42A3-9474-1A3956D46DE8}") = "Task4", "Task4", "{91A9B62A-B2F3-482A-8769-6A4F47493EC1}"
EndProject
Project("{FAE04EC0-301F-11D3-BF4B-00C04F79EFBC}") = "Tyuiu.GorovenkoGV.Sprint4.Task4.V12", "Tyuiu.GorovenkoGV.Sprint4.Task4.V12\Tyuiu.GorovenkoGV.Sprint4.Task4.V12.csproj", "{3AB087A7-6695-4F1C-AE2F-73A4FC4D4BEC}"
EndProject
Project("{FAE04EC0-301F-11D3-BF4B-00C04F79EFBC}") = "Tyuiu.GorovenkoGV.Sprint4.Task4.V12.Test", "Tyuiu.GorovenkoGV.Sprint4.Task4.V12.Test\Tyuiu.GorovenkoGV.Sprint4.Task4.V12.Test.csproj", "{ED661D83-BFEE-4DC4-8181-5B09DF7E3425}"
EndProject
Project("{FAE04EC0-301F-11D3-BF4B-00C04F79EFBC}") = "Tyuiu.GorovenkoGV.Sprint4.Task4.V12.Lib", "Tyuiu.GorovenkoGV.Sprint4.Task4.V12.Lib\Tyuiu.GorovenkoGV.Sprint4.Task4.V12.Lib.csproj", "{61A7603B-78EF-4505-A861-8111A6848D7B}"
EndProject
Project("{2150E333-8FDC-42A3-9474-1A3956D46DE8}") = "task3", "task3", "{01A51190-A5F7-4DE1-97C0-B6B0787FA5A4}"
EndProject
Project("{FAE04EC0-301F-11D3-BF4B-00C04F79EFBC}") = "Tyuiu.GorovenkoGV.Sprint4.Task3.V12", "Tyuiu.GorovenkoGV.Sprint4.Task3.V12\Tyuiu.GorovenkoGV.Sprint4.Task3.V12.csproj", "{F03BA61E-735A-468D-926A-CD30D91CC4E4}"
EndProject
Project("{FAE04EC0-301F-11D3-BF4B-00C04F79EFBC}") = "Tyuiu.GorovenkoGV.Sprint4.Task3.V12.Test", "Tyuiu.GorovenkoGV.Sprint4.Task3.V12.Test\Tyuiu.GorovenkoGV.Sprint4.Task3.V12.Test.csproj", "{518A29AC-654F-45DA-9ABC-0F01BC868002}"
EndProject
Project("{FAE04EC0-301F-11D3-BF4B-00C04F79EFBC}") = "Tyuiu.GorovenkoGV.Sprint4.Task3.V12.Lib", "Tyuiu.GorovenkoGV.Sprint4.Task3.V12.Lib\Tyuiu.GorovenkoGV.Sprint4.Task3.V12.Lib.csproj", "{F57440AE-64F8-4318-AA92-5ACE55489833}"
EndProject
Project("{2150E333-8FDC-42A3-9474-1A3956D46DE8}") = "Task5", "Task5", "{CD9A0D1E-7F02-44D3-B894-6F53D4320763}"
EndProject
Project("{FAE04EC0-301F-11D3-BF4B-00C04F79EFBC}") = "Tyuiu.GorovenkoGV.Sprint4.Task5.V11", "Tyuiu.GorovenkoGV.Sprint4.Task5.V11\Tyuiu.GorovenkoGV.Sprint4.Task5.V11.csproj", "{C0BFC1A4-B44F-4829-AF36-3351AB0E28FC}"
EndProject
Project("{FAE04EC0-301F-11D3-BF4B-00C04F79EFBC}") = "Tyuiu.GorovenkoGV.Sprint4.Task5.V11.Test", "Tyuiu.GorovenkoGV.Sprint4.Task5.V11.Test\Tyuiu.GorovenkoGV.Sprint4.Task5.V11.Test.csproj", "{79AEA6B0-C528-4878-B647-8B96EFBC3AEF}"
EndProject
Project("{FAE04EC0-301F-11D3-BF4B-00C04F79EFBC}") = "Tyuiu.GorovenkoGV.Sprint4.Task5.V11.Lib", "Tyuiu.GorovenkoGV.Sprint4.Task5.V11.Lib\Tyuiu.GorovenkoGV.Sprint4.Task5.V11.Lib.csproj", "{A76DD1A1-B9C4-4104-852D-24A27FA5E632}"
EndProject
Project("{2150E333-8FDC-42A3-9474-1A3956D46DE8}") = "Task6", "Task6", "{F8728FB5-8F8B-48AE-8DBD-2CB4A8BB2B5A}"
EndProject
Project("{FAE04EC0-301F-11D3-BF4B-00C04F79EFBC}") = "Tyuiu.GorovenkoGV.Sprint4.Task6.V23", "Tyuiu.GorovenkoGV.Sprint4.Task6.V23\Tyuiu.GorovenkoGV.Sprint4.Task6.V23.csproj", "{918DABAB-A89C-4C77-9F7B-1BB184DCED00}"
EndProject
Project("{FAE04EC0-301F-11D3-BF4B-00C04F79EFBC}") = "Tyuiu.GorovenkoGV.Sprint4.Task6.V23.Test", "Tyuiu.GorovenkoGV.Sprint4.Task6.V23.Test\Tyuiu.GorovenkoGV.Sprint4.Task6.V23.Test.csproj", "{8077D650-2EB4-431B-A3DE-066D7395FEBE}"
EndProject
Project("{FAE04EC0-301F-11D3-BF4B-00C04F79EFBC}") = "Tyuiu.GorovenkoGV.Sprint4.Task6.V23.Lib", "Tyuiu.GorovenkoGV.Sprint4.Task6.V23.Lib\Tyuiu.GorovenkoGV.Sprint4.Task6.V23.Lib.csproj", "{BA475E70-6823-493E-912A-33D513411F4B}"
EndProject
Global
	GlobalSection(SolutionConfigurationPlatforms) = preSolution
		Debug|Any CPU = Debug|Any CPU
		Release|Any CPU = Release|Any CPU
	EndGlobalSection
	GlobalSection(ProjectConfigurationPlatforms) = postSolution
		{C3893177-111F-4972-87CB-14498CDF1AA2}.Debug|Any CPU.ActiveCfg = Debug|Any CPU
		{C3893177-111F-4972-87CB-14498CDF1AA2}.Debug|Any CPU.Build.0 = Debug|Any CPU
		{C3893177-111F-4972-87CB-14498CDF1AA2}.Release|Any CPU.ActiveCfg = Release|Any CPU
		{C3893177-111F-4972-87CB-14498CDF1AA2}.Release|Any CPU.Build.0 = Release|Any CPU
		{69F855BE-7CA5-46AF-A13D-13EEDDBE202D}.Debug|Any CPU.ActiveCfg = Debug|Any CPU
		{69F855BE-7CA5-46AF-A13D-13EEDDBE202D}.Debug|Any CPU.Build.0 = Debug|Any CPU
		{69F855BE-7CA5-46AF-A13D-13EEDDBE202D}.Release|Any CPU.ActiveCfg = Release|Any CPU
		{69F855BE-7CA5-46AF-A13D-13EEDDBE202D}.Release|Any CPU.Build.0 = Release|Any CPU
		{BEA652C8-8819-4456-B6F3-AFFC0FB6D72B}.Debug|Any CPU.ActiveCfg = Debug|Any CPU
		{BEA652C8-8819-4456-B6F3-AFFC0FB6D72B}.Debug|Any CPU.Build.0 = Debug|Any CPU
		{BEA652C8-8819-4456-B6F3-AFFC0FB6D72B}.Release|Any CPU.ActiveCfg = Release|Any CPU
		{BEA652C8-8819-4456-B6F3-AFFC0FB6D72B}.Release|Any CPU.Build.0 = Release|Any CPU
		{DF9E0A95-91ED-4097-9566-E350AFCDD67F}.Debug|Any CPU.ActiveCfg = Debug|Any CPU
		{DF9E0A95-91ED-4097-9566-E350AFCDD67F}.Debug|Any CPU.Build.0 = Debug|Any CPU
		{DF9E0A95-91ED-4097-9566-E350AFCDD67F}.Release|Any CPU.ActiveCfg = Release|Any CPU
		{DF9E0A95-91ED-4097-9566-E350AFCDD67F}.Release|Any CPU.Build.0 = Release|Any CPU
		{95153A90-FD1D-401F-9ACC-FE0046488411}.Debug|Any CPU.ActiveCfg = Debug|Any CPU
		{95153A90-FD1D-401F-9ACC-FE0046488411}.Debug|Any CPU.Build.0 = Debug|Any CPU
		{95153A90-FD1D-401F-9ACC-FE0046488411}.Release|Any CPU.ActiveCfg = Release|Any CPU
		{95153A90-FD1D-401F-9ACC-FE0046488411}.Release|Any CPU.Build.0 = Release|Any CPU
		{3BC7D6AA-6F2C-4A4E-BB03-610E54077EA0}.Debug|Any CPU.ActiveCfg = Debug|Any CPU
		{3BC7D6AA-6F2C-4A4E-BB03-610E54077EA0}.Debug|Any CPU.Build.0 = Debug|Any CPU
		{3BC7D6AA-6F2C-4A4E-BB03-610E54077EA0}.Release|Any CPU.ActiveCfg = Release|Any CPU
		{3BC7D6AA-6F2C-4A4E-BB03-610E54077EA0}.Release|Any CPU.Build.0 = Release|Any CPU
		{53E50DB3-1D8B-4A44-A45F-1E6C083493F9}.Debug|Any CPU.ActiveCfg = Debug|Any CPU
		{53E50DB3-1D8B-4A44-A45F-1E6C083493F9}.Debug|Any CPU.Build.0 = Debug|Any CPU
		{53E50DB3-1D8B-4A44-A45F-1E6C083493F9}.Release|Any CPU.ActiveCfg = Release|Any CPU
		{53E50DB3-1D8B-4A44-A45F-1E6C083493F9}.Release|Any CPU.Build.0 = Release|Any CPU
		{B607A3B0-DC5F-4DA6-BF76-7F6B19044BE1}.Debug|Any CPU.ActiveCfg = Debug|Any CPU
		{B607A3B0-DC5F-4DA6-BF76-7F6B19044BE1}.Debug|Any CPU.Build.0 = Debug|Any CPU
		{B607A3B0-DC5F-4DA6-BF76-7F6B19044BE1}.Release|Any CPU.ActiveCfg = Release|Any CPU
		{B607A3B0-DC5F-4DA6-BF76-7F6B19044BE1}.Release|Any CPU.Build.0 = Release|Any CPU
		{8065263B-CA9E-4D7D-92CD-2FA5898E9AAB}.Debug|Any CPU.ActiveCfg = Debug|Any CPU
		{8065263B-CA9E-4D7D-92CD-2FA5898E9AAB}.Debug|Any CPU.Build.0 = Debug|Any CPU
		{8065263B-CA9E-4D7D-92CD-2FA5898E9AAB}.Release|Any CPU.ActiveCfg = Release|Any CPU
		{8065263B-CA9E-4D7D-92CD-2FA5898E9AAB}.Release|Any CPU.Build.0 = Release|Any CPU
		{3AB087A7-6695-4F1C-AE2F-73A4FC4D4BEC}.Debug|Any CPU.ActiveCfg = Debug|Any CPU
		{3AB087A7-6695-4F1C-AE2F-73A4FC4D4BEC}.Debug|Any CPU.Build.0 = Debug|Any CPU
		{3AB087A7-6695-4F1C-AE2F-73A4FC4D4BEC}.Release|Any CPU.ActiveCfg = Release|Any CPU
		{3AB087A7-6695-4F1C-AE2F-73A4FC4D4BEC}.Release|Any CPU.Build.0 = Release|Any CPU
		{ED661D83-BFEE-4DC4-8181-5B09DF7E3425}.Debug|Any CPU.ActiveCfg = Debug|Any CPU
		{ED661D83-BFEE-4DC4-8181-5B09DF7E3425}.Debug|Any CPU.Build.0 = Debug|Any CPU
		{ED661D83-BFEE-4DC4-8181-5B09DF7E3425}.Release|Any CPU.ActiveCfg = Release|Any CPU
		{ED661D83-BFEE-4DC4-8181-5B09DF7E3425}.Release|Any CPU.Build.0 = Release|Any CPU
		{61A7603B-78EF-4505-A861-8111A6848D7B}.Debug|Any CPU.ActiveCfg = Debug|Any CPU
		{61A7603B-78EF-4505-A861-8111A6848D7B}.Debug|Any CPU.Build.0 = Debug|Any CPU
		{61A7603B-78EF-4505-A861-8111A6848D7B}.Release|Any CPU.ActiveCfg = Release|Any CPU
		{61A7603B-78EF-4505-A861-8111A6848D7B}.Release|Any CPU.Build.0 = Release|Any CPU
		{F03BA61E-735A-468D-926A-CD30D91CC4E4}.Debug|Any CPU.ActiveCfg = Debug|Any CPU
		{F03BA61E-735A-468D-926A-CD30D91CC4E4}.Debug|Any CPU.Build.0 = Debug|Any CPU
		{F03BA61E-735A-468D-926A-CD30D91CC4E4}.Release|Any CPU.ActiveCfg = Release|Any CPU
		{F03BA61E-735A-468D-926A-CD30D91CC4E4}.Release|Any CPU.Build.0 = Release|Any CPU
		{518A29AC-654F-45DA-9ABC-0F01BC868002}.Debug|Any CPU.ActiveCfg = Debug|Any CPU
		{518A29AC-654F-45DA-9ABC-0F01BC868002}.Debug|Any CPU.Build.0 = Debug|Any CPU
		{518A29AC-654F-45DA-9ABC-0F01BC868002}.Release|Any CPU.ActiveCfg = Release|Any CPU
		{518A29AC-654F-45DA-9ABC-0F01BC868002}.Release|Any CPU.Build.0 = Release|Any CPU
		{F57440AE-64F8-4318-AA92-5ACE55489833}.Debug|Any CPU.ActiveCfg = Debug|Any CPU
		{F57440AE-64F8-4318-AA92-5ACE55489833}.Debug|Any CPU.Build.0 = Debug|Any CPU
		{F57440AE-64F8-4318-AA92-5ACE55489833}.Release|Any CPU.ActiveCfg = Release|Any CPU
		{F57440AE-64F8-4318-AA92-5ACE55489833}.Release|Any CPU.Build.0 = Release|Any CPU
		{C0BFC1A4-B44F-4829-AF36-3351AB0E28FC}.Debug|Any CPU.ActiveCfg = Debug|Any CPU
		{C0BFC1A4-B44F-4829-AF36-3351AB0E28FC}.Debug|Any CPU.Build.0 = Debug|Any CPU
		{C0BFC1A4-B44F-4829-AF36-3351AB0E28FC}.Release|Any CPU.ActiveCfg = Release|Any CPU
		{C0BFC1A4-B44F-4829-AF36-3351AB0E28FC}.Release|Any CPU.Build.0 = Release|Any CPU
		{79AEA6B0-C528-4878-B647-8B96EFBC3AEF}.Debug|Any CPU.ActiveCfg = Debug|Any CPU
		{79AEA6B0-C528-4878-B647-8B96EFBC3AEF}.Debug|Any CPU.Build.0 = Debug|Any CPU
		{79AEA6B0-C528-4878-B647-8B96EFBC3AEF}.Release|Any CPU.ActiveCfg = Release|Any CPU
		{79AEA6B0-C528-4878-B647-8B96EFBC3AEF}.Release|Any CPU.Build.0 = Release|Any CPU
		{A76DD1A1-B9C4-4104-852D-24A27FA5E632}.Debug|Any CPU.ActiveCfg = Debug|Any CPU
		{A76DD1A1-B9C4-4104-852D-24A27FA5E632}.Debug|Any CPU.Build.0 = Debug|Any CPU
		{A76DD1A1-B9C4-4104-852D-24A27FA5E632}.Release|Any CPU.ActiveCfg = Release|Any CPU
		{A76DD1A1-B9C4-4104-852D-24A27FA5E632}.Release|Any CPU.Build.0 = Release|Any CPU
		{918DABAB-A89C-4C77-9F7B-1BB184DCED00}.Debug|Any CPU.ActiveCfg = Debug|Any CPU
		{918DABAB-A89C-4C77-9F7B-1BB184DCED00}.Debug|Any CPU.Build.0 = Debug|Any CPU
		{918DABAB-A89C-4C77-9F7B-1BB184DCED00}.Release|Any CPU.ActiveCfg = Release|Any CPU
		{918DABAB-A89C-4C77-9F7B-1BB184DCED00}.Release|Any CPU.Build.0 = Release|Any CPU
		{8077D650-2EB4-431B-A3DE-066D7395FEBE}.Debug|Any CPU.ActiveCfg = Debug|Any CPU
		{8077D650-2EB4-431B-A3DE-066D7395FEBE}.Debug|Any CPU.Build.0 = Debug|Any CPU
		{8077D650-2EB4-431B-A3DE-066D7395FEBE}.Release|Any CPU.ActiveCfg = Release|Any CPU
		{8077D650-2EB4-431B-A3DE-066D7395FEBE}.Release|Any CPU.Build.0 = Release|Any CPU
		{BA475E70-6823-493E-912A-33D513411F4B}.Debug|Any CPU.ActiveCfg = Debug|Any CPU
		{BA475E70-6823-493E-912A-33D513411F4B}.Debug|Any CPU.Build.0 = Debug|Any CPU
		{BA475E70-6823-493E-912A-33D513411F4B}.Release|Any CPU.ActiveCfg = Release|Any CPU
		{BA475E70-6823-493E-912A-33D513411F4B}.Release|Any CPU.Build.0 = Release|Any CPU
	EndGlobalSection
	GlobalSection(SolutionProperties) = preSolution
		HideSolutionNode = FALSE
	EndGlobalSection
	GlobalSection(NestedProjects) = preSolution
		{C3893177-111F-4972-87CB-14498CDF1AA2} = {F6A7D6EB-3190-4E9A-A23D-32148E09F828}
		{69F855BE-7CA5-46AF-A13D-13EEDDBE202D} = {F6A7D6EB-3190-4E9A-A23D-32148E09F828}
		{BEA652C8-8819-4456-B6F3-AFFC0FB6D72B} = {F6A7D6EB-3190-4E9A-A23D-32148E09F828}
		{DF9E0A95-91ED-4097-9566-E350AFCDD67F} = {4BB49251-452E-4244-8777-054C2A7C2FED}
		{95153A90-FD1D-401F-9ACC-FE0046488411} = {4BB49251-452E-4244-8777-054C2A7C2FED}
		{3BC7D6AA-6F2C-4A4E-BB03-610E54077EA0} = {4BB49251-452E-4244-8777-054C2A7C2FED}
		{53E50DB3-1D8B-4A44-A45F-1E6C083493F9} = {4A8B1C95-F61E-4B3A-8BD4-84993D464CAC}
		{B607A3B0-DC5F-4DA6-BF76-7F6B19044BE1} = {4A8B1C95-F61E-4B3A-8BD4-84993D464CAC}
		{8065263B-CA9E-4D7D-92CD-2FA5898E9AAB} = {4A8B1C95-F61E-4B3A-8BD4-84993D464CAC}
		{3AB087A7-6695-4F1C-AE2F-73A4FC4D4BEC} = {91A9B62A-B2F3-482A-8769-6A4F47493EC1}
		{ED661D83-BFEE-4DC4-8181-5B09DF7E3425} = {91A9B62A-B2F3-482A-8769-6A4F47493EC1}
		{61A7603B-78EF-4505-A861-8111A6848D7B} = {91A9B62A-B2F3-482A-8769-6A4F47493EC1}
		{F03BA61E-735A-468D-926A-CD30D91CC4E4} = {01A51190-A5F7-4DE1-97C0-B6B0787FA5A4}
		{518A29AC-654F-45DA-9ABC-0F01BC868002} = {01A51190-A5F7-4DE1-97C0-B6B0787FA5A4}
		{F57440AE-64F8-4318-AA92-5ACE55489833} = {01A51190-A5F7-4DE1-97C0-B6B0787FA5A4}
		{C0BFC1A4-B44F-4829-AF36-3351AB0E28FC} = {CD9A0D1E-7F02-44D3-B894-6F53D4320763}
		{79AEA6B0-C528-4878-B647-8B96EFBC3AEF} = {CD9A0D1E-7F02-44D3-B894-6F53D4320763}
		{A76DD1A1-B9C4-4104-852D-24A27FA5E632} = {CD9A0D1E-7F02-44D3-B894-6F53D4320763}
		{918DABAB-A89C-4C77-9F7B-1BB184DCED00} = {F8728FB5-8F8B-48AE-8DBD-2CB4A8BB2B5A}
		{8077D650-2EB4-431B-A3DE-066D7395FEBE} = {F8728FB5-8F8B-48AE-8DBD-2CB4A8BB2B5A}
		{BA475E70-6823-493E-912A-33D513411F4B} = {F8728FB5-8F8B-48AE-8DBD-2CB4A8BB2B5A}
	EndGlobalSection
	GlobalSection(ExtensibilityGlobals) = postSolution
		SolutionGuid = {23905ED4-90AE-4C1B-83D3-8F8153EFD1B5}
	EndGlobalSection
EndGlobal
